
Microsoft Visual Studio Solution File, Format Version 12.00
# Visual Studio Version 17
VisualStudioVersion = 17.0.31903.59
MinimumVisualStudioVersion = 10.0.40219.1
Project("{2150E333-8FDC-42A3-9474-1A3956D46DE8}") = "src", "src", "{827E0CD3-B72D-47B6-A68D-7590B98EB39B}"
EndProject
Project("{FAE04EC0-301F-11D3-BF4B-00C04F79EFBC}") = "Confio", "src\Confio\Confio.csproj", "{45F076E7-4184-4496-A814-0294226DF8AB}"
EndProject
Project("{FAE04EC0-301F-11D3-BF4B-00C04F79EFBC}") = "ConfioGenerator", "src\ConfioGenerator\ConfioGenerator.csproj", "{5FAC41EB-4923-40B2-97BF-CEA582854917}"
EndProject
Project("{2150E333-8FDC-42A3-9474-1A3956D46DE8}") = "tests", "tests", "{0AB3BF05-4346-4AA6-1389-037BE0695223}"
EndProject
Project("{FAE04EC0-301F-11D3-BF4B-00C04F79EFBC}") = "ConfioTests", "tests\ConfioTests\ConfioTests.csproj", "{076D87D6-E9AE-468B-8480-66C199B9E404}"
EndProject
Project("{FAE04EC0-301F-11D3-BF4B-00C04F79EFBC}") = "ConfioConsumer", "tests\ConfioConsumer\ConfioConsumer.csproj", "{21E2EEF6-7528-4D5C-902B-B023D50940E2}"
EndProject
Project("{FAE04EC0-301F-11D3-BF4B-00C04F79EFBC}") = "ConfioConsumerModels", "tests\ConfioConsumerModels\ConfioConsumerModels.csproj", "{9E09184C-AA24-48CF-9180-9B671765E1E8}"
EndProject
Project("{2150E333-8FDC-42A3-9474-1A3956D46DE8}") = "samples", "samples", "{5D20AA90-6969-D8BD-9DCD-8634F4692FDA}"
EndProject
Project("{FAE04EC0-301F-11D3-BF4B-00C04F79EFBC}") = "ConfioSample", "samples\ConfioSample\ConfioSample.csproj", "{ACAFF6B2-6CA7-42EA-9E1D-3E0691650CFA}"
EndProject
Global
	GlobalSection(SolutionConfigurationPlatforms) = preSolution
		Debug|Any CPU = Debug|Any CPU
		Debug|x64 = Debug|x64
		Debug|x86 = Debug|x86
		Release|Any CPU = Release|Any CPU
		Release|x64 = Release|x64
		Release|x86 = Release|x86
	EndGlobalSection
	GlobalSection(ProjectConfigurationPlatforms) = postSolution
		{45F076E7-4184-4496-A814-0294226DF8AB}.Debug|Any CPU.ActiveCfg = Debug|Any CPU
		{45F076E7-4184-4496-A814-0294226DF8AB}.Debug|Any CPU.Build.0 = Debug|Any CPU
		{45F076E7-4184-4496-A814-0294226DF8AB}.Debug|x64.ActiveCfg = Debug|Any CPU
		{45F076E7-4184-4496-A814-0294226DF8AB}.Debug|x64.Build.0 = Debug|Any CPU
		{45F076E7-4184-4496-A814-0294226DF8AB}.Debug|x86.ActiveCfg = Debug|Any CPU
		{45F076E7-4184-4496-A814-0294226DF8AB}.Debug|x86.Build.0 = Debug|Any CPU
		{45F076E7-4184-4496-A814-0294226DF8AB}.Release|Any CPU.ActiveCfg = Release|Any CPU
		{45F076E7-4184-4496-A814-0294226DF8AB}.Release|Any CPU.Build.0 = Release|Any CPU
		{45F076E7-4184-4496-A814-0294226DF8AB}.Release|x64.ActiveCfg = Release|Any CPU
		{45F076E7-4184-4496-A814-0294226DF8AB}.Release|x64.Build.0 = Release|Any CPU
		{45F076E7-4184-4496-A814-0294226DF8AB}.Release|x86.ActiveCfg = Release|Any CPU
		{45F076E7-4184-4496-A814-0294226DF8AB}.Release|x86.Build.0 = Release|Any CPU
		{5FAC41EB-4923-40B2-97BF-CEA582854917}.Debug|Any CPU.ActiveCfg = Debug|Any CPU
		{5FAC41EB-4923-40B2-97BF-CEA582854917}.Debug|Any CPU.Build.0 = Debug|Any CPU
		{5FAC41EB-4923-40B2-97BF-CEA582854917}.Debug|x64.ActiveCfg = Debug|Any CPU
		{5FAC41EB-4923-40B2-97BF-CEA582854917}.Debug|x64.Build.0 = Debug|Any CPU
		{5FAC41EB-4923-40B2-97BF-CEA582854917}.Debug|x86.ActiveCfg = Debug|Any CPU
		{5FAC41EB-4923-40B2-97BF-CEA582854917}.Debug|x86.Build.0 = Debug|Any CPU
		{5FAC41EB-4923-40B2-97BF-CEA582854917}.Release|Any CPU.ActiveCfg = Release|Any CPU
		{5FAC41EB-4923-40B2-97BF-CEA582854917}.Release|Any CPU.Build.0 = Release|Any CPU
		{5FAC41EB-4923-40B2-97BF-CEA582854917}.Release|x64.ActiveCfg = Release|Any CPU
		{5FAC41EB-4923-40B2-97BF-CEA582854917}.Release|x64.Build.0 = Release|Any CPU
		{5FAC41EB-4923-40B2-97BF-CEA582854917}.Release|x86.ActiveCfg = Release|Any CPU
		{5FAC41EB-4923-40B2-97BF-CEA582854917}.Release|x86.Build.0 = Release|Any CPU
		{076D87D6-E9AE-468B-8480-66C199B9E404}.Debug|Any CPU.ActiveCfg = Debug|Any CPU
		{076D87D6-E9AE-468B-8480-66C199B9E404}.Debug|Any CPU.Build.0 = Debug|Any CPU
		{076D87D6-E9AE-468B-8480-66C199B9E404}.Debug|x64.ActiveCfg = Debug|Any CPU
		{076D87D6-E9AE-468B-8480-66C199B9E404}.Debug|x64.Build.0 = Debug|Any CPU
		{076D87D6-E9AE-468B-8480-66C199B9E404}.Debug|x86.ActiveCfg = Debug|Any CPU
		{076D87D6-E9AE-468B-8480-66C199B9E404}.Debug|x86.Build.0 = Debug|Any CPU
		{076D87D6-E9AE-468B-8480-66C199B9E404}.Release|Any CPU.ActiveCfg = Release|Any CPU
		{076D87D6-E9AE-468B-8480-66C199B9E404}.Release|Any CPU.Build.0 = Release|Any CPU
		{076D87D6-E9AE-468B-8480-66C199B9E404}.Release|x64.ActiveCfg = Release|Any CPU
		{076D87D6-E9AE-468B-8480-66C199B9E404}.Release|x64.Build.0 = Release|Any CPU
		{076D87D6-E9AE-468B-8480-66C199B9E404}.Release|x86.ActiveCfg = Release|Any CPU
		{076D87D6-E9AE-468B-8480-66C199B9E404}.Release|x86.Build.0 = Release|Any CPU
		{21E2EEF6-7528-4D5C-902B-B023D50940E2}.Debug|Any CPU.ActiveCfg = Debug|Any CPU
		{21E2EEF6-7528-4D5C-902B-B023D50940E2}.Debug|Any CPU.Build.0 = Debug|Any CPU
		{21E2EEF6-7528-4D5C-902B-B023D50940E2}.Debug|x64.ActiveCfg = Debug|Any CPU
		{21E2EEF6-7528-4D5C-902B-B023D50940E2}.Debug|x64.Build.0 = Debug|Any CPU
		{21E2EEF6-7528-4D5C-902B-B023D50940E2}.Debug|x86.ActiveCfg = Debug|Any CPU
		{21E2EEF6-7528-4D5C-902B-B023D50940E2}.Debug|x86.Build.0 = Debug|Any CPU
		{21E2EEF6-7528-4D5C-902B-B023D50940E2}.Release|Any CPU.ActiveCfg = Release|Any CPU
		{21E2EEF6-7528-4D5C-902B-B023D50940E2}.Release|Any CPU.Build.0 = Release|Any CPU
		{21E2EEF6-7528-4D5C-902B-B023D50940E2}.Release|x64.ActiveCfg = Release|Any CPU
		{21E2EEF6-7528-4D5C-902B-B023D50940E2}.Release|x64.Build.0 = Release|Any CPU
		{21E2EEF6-7528-4D5C-902B-B023D50940E2}.Release|x86.ActiveCfg = Release|Any CPU
		{21E2EEF6-7528-4D5C-902B-B023D50940E2}.Release|x86.Build.0 = Release|Any CPU
		{9E09184C-AA24-48CF-9180-9B671765E1E8}.Debug|Any CPU.ActiveCfg = Debug|Any CPU
		{9E09184C-AA24-48CF-9180-9B671765E1E8}.Debug|Any CPU.Build.0 = Debug|Any CPU
		{9E09184C-AA24-48CF-9180-9B671765E1E8}.Debug|x64.ActiveCfg = Debug|Any CPU
		{9E09184C-AA24-48CF-9180-9B671765E1E8}.Debug|x64.Build.0 = Debug|Any CPU
		{9E09184C-AA24-48CF-9180-9B671765E1E8}.Debug|x86.ActiveCfg = Debug|Any CPU
		{9E09184C-AA24-48CF-9180-9B671765E1E8}.Debug|x86.Build.0 = Debug|Any CPU
		{9E09184C-AA24-48CF-9180-9B671765E1E8}.Release|Any CPU.ActiveCfg = Release|Any CPU
		{9E09184C-AA24-48CF-9180-9B671765E1E8}.Release|Any CPU.Build.0 = Release|Any CPU
		{9E09184C-AA24-48CF-9180-9B671765E1E8}.Release|x64.ActiveCfg = Release|Any CPU
		{9E09184C-AA24-48CF-9180-9B671765E1E8}.Release|x64.Build.0 = Release|Any CPU
		{9E09184C-AA24-48CF-9180-9B671765E1E8}.Release|x86.ActiveCfg = Release|Any CPU
		{9E09184C-AA24-48CF-9180-9B671765E1E8}.Release|x86.Build.0 = Release|Any CPU
		{ACAFF6B2-6CA7-42EA-9E1D-3E0691650CFA}.Debug|Any CPU.ActiveCfg = Debug|Any CPU
		{ACAFF6B2-6CA7-42EA-9E1D-3E0691650CFA}.Debug|Any CPU.Build.0 = Debug|Any CPU
		{ACAFF6B2-6CA7-42EA-9E1D-3E0691650CFA}.Debug|x64.ActiveCfg = Debug|Any CPU
		{ACAFF6B2-6CA7-42EA-9E1D-3E0691650CFA}.Debug|x64.Build.0 = Debug|Any CPU
		{ACAFF6B2-6CA7-42EA-9E1D-3E0691650CFA}.Debug|x86.ActiveCfg = Debug|Any CPU
		{ACAFF6B2-6CA7-42EA-9E1D-3E0691650CFA}.Debug|x86.Build.0 = Debug|Any CPU
		{ACAFF6B2-6CA7-42EA-9E1D-3E0691650CFA}.Release|Any CPU.ActiveCfg = Release|Any CPU
		{ACAFF6B2-6CA7-42EA-9E1D-3E0691650CFA}.Release|Any CPU.Build.0 = Release|Any CPU
		{ACAFF6B2-6CA7-42EA-9E1D-3E0691650CFA}.Release|x64.ActiveCfg = Release|Any CPU
		{ACAFF6B2-6CA7-42EA-9E1D-3E0691650CFA}.Release|x64.Build.0 = Release|Any CPU
		{ACAFF6B2-6CA7-42EA-9E1D-3E0691650CFA}.Release|x86.ActiveCfg = Release|Any CPU
		{ACAFF6B2-6CA7-42EA-9E1D-3E0691650CFA}.Release|x86.Build.0 = Release|Any CPU
	EndGlobalSection
	GlobalSection(SolutionProperties) = preSolution
		HideSolutionNode = FALSE
	EndGlobalSection
	GlobalSection(NestedProjects) = preSolution
		{45F076E7-4184-4496-A814-0294226DF8AB} = {827E0CD3-B72D-47B6-A68D-7590B98EB39B}
		{5FAC41EB-4923-40B2-97BF-CEA582854917} = {827E0CD3-B72D-47B6-A68D-7590B98EB39B}
		{076D87D6-E9AE-468B-8480-66C199B9E404} = {0AB3BF05-4346-4AA6-1389-037BE0695223}
		{21E2EEF6-7528-4D5C-902B-B023D50940E2} = {0AB3BF05-4346-4AA6-1389-037BE0695223}
		{9E09184C-AA24-48CF-9180-9B671765E1E8} = {0AB3BF05-4346-4AA6-1389-037BE0695223}
		{ACAFF6B2-6CA7-42EA-9E1D-3E0691650CFA} = {5D20AA90-6969-D8BD-9DCD-8634F4692FDA}
	EndGlobalSection
EndGlobal
